
Microsoft Visual Studio Solution File, Format Version 12.00
# Visual Studio Version 16
VisualStudioVersion = 16.0.29418.71
MinimumVisualStudioVersion = 10.0.40219.1
Project("{9A19103F-16F7-4668-BE54-9A1E7A4F7556}") = "TestProject", "TestProject\TestProject.csproj", "{8CB8339C-08C8-4757-AF75-C86BF0E142A4}"
	ProjectSection(ProjectDependencies) = postProject
		{C063B34B-8DD9-4720-9A8E-ED9A4CF9E39E} = {C063B34B-8DD9-4720-9A8E-ED9A4CF9E39E}
	EndProjectSection
EndProject
Project("{9A19103F-16F7-4668-BE54-9A1E7A4F7556}") = "LibraryProject", "LibraryProject\LibraryProject.csproj", "{183113E0-AF06-406D-A227-2B0A3669916B}"
EndProject
Project("{9A19103F-16F7-4668-BE54-9A1E7A4F7556}") = "NugetProject", "NugetProject\NugetProject.csproj", "{C063B34B-8DD9-4720-9A8E-ED9A4CF9E39E}"
EndProject
Global
	GlobalSection(SolutionConfigurationPlatforms) = preSolution
		Debug|Any CPU = Debug|Any CPU
		Release|Any CPU = Release|Any CPU
	EndGlobalSection
	GlobalSection(ProjectConfigurationPlatforms) = postSolution
		{8CB8339C-08C8-4757-AF75-C86BF0E142A4}.Debug|Any CPU.ActiveCfg = Debug|Any CPU
		{8CB8339C-08C8-4757-AF75-C86BF0E142A4}.Debug|Any CPU.Build.0 = Debug|Any CPU
		{8CB8339C-08C8-4757-AF75-C86BF0E142A4}.Release|Any CPU.ActiveCfg = Release|Any CPU
		{8CB8339C-08C8-4757-AF75-C86BF0E142A4}.Release|Any CPU.Build.0 = Release|Any CPU
		{183113E0-AF06-406D-A227-2B0A3669916B}.Debug|Any CPU.ActiveCfg = Debug|Any CPU
		{183113E0-AF06-406D-A227-2B0A3669916B}.Debug|Any CPU.Build.0 = Debug|Any CPU
		{183113E0-AF06-406D-A227-2B0A3669916B}.Release|Any CPU.ActiveCfg = Release|Any CPU
		{183113E0-AF06-406D-A227-2B0A3669916B}.Release|Any CPU.Build.0 = Release|Any CPU
		{C063B34B-8DD9-4720-9A8E-ED9A4CF9E39E}.Debug|Any CPU.ActiveCfg = Debug|Any CPU
		{C063B34B-8DD9-4720-9A8E-ED9A4CF9E39E}.Debug|Any CPU.Build.0 = Debug|Any CPU
		{C063B34B-8DD9-4720-9A8E-ED9A4CF9E39E}.Release|Any CPU.ActiveCfg = Release|Any CPU
		{C063B34B-8DD9-4720-9A8E-ED9A4CF9E39E}.Release|Any CPU.Build.0 = Release|Any CPU
	EndGlobalSection
	GlobalSection(SolutionProperties) = preSolution
		HideSolutionNode = FALSE
	EndGlobalSection
	GlobalSection(ExtensibilityGlobals) = postSolution
		SolutionGuid = {1D743005-1AB8-426D-B78A-AF8708272485}
	EndGlobalSection
EndGlobal
